// !$*UTF8*$!
{
	archiveVersion = 1;
	classes = {
	};
	objectVersion = 50;
	objects = {

/* Begin PBXBuildFile section */
		B55E59AD2464A9B800CAE4CA /* Localizable.strings in Resources */ = {isa = PBXBuildFile; fileRef = B55E59AF2464A9B800CAE4CA /* Localizable.strings */; };
		B568F027245E28AE00E841D0 /* AppDelegate.swift in Sources */ = {isa = PBXBuildFile; fileRef = B568F026245E28AE00E841D0 /* AppDelegate.swift */; };
		B568F029245E28AE00E841D0 /* SceneDelegate.swift in Sources */ = {isa = PBXBuildFile; fileRef = B568F028245E28AE00E841D0 /* SceneDelegate.swift */; };
		B568F02B245E28AE00E841D0 /* ViewController.swift in Sources */ = {isa = PBXBuildFile; fileRef = B568F02A245E28AE00E841D0 /* ViewController.swift */; };
		B568F02E245E28AE00E841D0 /* Main.storyboard in Resources */ = {isa = PBXBuildFile; fileRef = B568F02C245E28AE00E841D0 /* Main.storyboard */; };
		B568F030245E28B000E841D0 /* Assets.xcassets in Resources */ = {isa = PBXBuildFile; fileRef = B568F02F245E28B000E841D0 /* Assets.xcassets */; };
		B568F033245E28B000E841D0 /* LaunchScreen.storyboard in Resources */ = {isa = PBXBuildFile; fileRef = B568F031245E28B000E841D0 /* LaunchScreen.storyboard */; };
		B568F03E245E28B000E841D0 /* QuizTests.swift in Sources */ = {isa = PBXBuildFile; fileRef = B568F03D245E28B000E841D0 /* QuizTests.swift */; };
		B568F049245E28B000E841D0 /* QuizUITests.swift in Sources */ = {isa = PBXBuildFile; fileRef = B568F048245E28B000E841D0 /* QuizUITests.swift */; };
/* End PBXBuildFile section */

/* Begin PBXContainerItemProxy section */
		B568F03A245E28B000E841D0 /* PBXContainerItemProxy */ = {
			isa = PBXContainerItemProxy;
			containerPortal = B568F01B245E28AE00E841D0 /* Project object */;
			proxyType = 1;
			remoteGlobalIDString = B568F022245E28AE00E841D0;
			remoteInfo = Quiz;
		};
		B568F045245E28B000E841D0 /* PBXContainerItemProxy */ = {
			isa = PBXContainerItemProxy;
			containerPortal = B568F01B245E28AE00E841D0 /* Project object */;
			proxyType = 1;
			remoteGlobalIDString = B568F022245E28AE00E841D0;
			remoteInfo = Quiz;
		};
/* End PBXContainerItemProxy section */

/* Begin PBXFileReference section */
		B55E59A82464A85B00CAE4CA /* hr */ = {isa = PBXFileReference; lastKnownFileType = text.plist.strings; name = hr; path = hr.lproj/Main.strings; sourceTree = "<group>"; };
		B55E59AA2464A86800CAE4CA /* en */ = {isa = PBXFileReference; lastKnownFileType = text.plist.strings; name = en; path = en.lproj/Main.strings; sourceTree = "<group>"; };
		B55E59AE2464A9B800CAE4CA /* hr */ = {isa = PBXFileReference; lastKnownFileType = text.plist.strings; name = hr; path = hr.lproj/Localizable.strings; sourceTree = "<group>"; };
		B55E59B02464A9BD00CAE4CA /* en */ = {isa = PBXFileReference; lastKnownFileType = text.plist.strings; name = en; path = en.lproj/Localizable.strings; sourceTree = "<group>"; };
		B568F023245E28AE00E841D0 /* Quiz.app */ = {isa = PBXFileReference; explicitFileType = wrapper.application; includeInIndex = 0; path = Quiz.app; sourceTree = BUILT_PRODUCTS_DIR; };
		B568F026245E28AE00E841D0 /* AppDelegate.swift */ = {isa = PBXFileReference; lastKnownFileType = sourcecode.swift; path = AppDelegate.swift; sourceTree = "<group>"; };
		B568F028245E28AE00E841D0 /* SceneDelegate.swift */ = {isa = PBXFileReference; lastKnownFileType = sourcecode.swift; path = SceneDelegate.swift; sourceTree = "<group>"; };
		B568F02A245E28AE00E841D0 /* ViewController.swift */ = {isa = PBXFileReference; lastKnownFileType = sourcecode.swift; path = ViewController.swift; sourceTree = "<group>"; };
		B568F02D245E28AE00E841D0 /* Base */ = {isa = PBXFileReference; lastKnownFileType = file.storyboard; name = Base; path = Base.lproj/Main.storyboard; sourceTree = "<group>"; };
		B568F02F245E28B000E841D0 /* Assets.xcassets */ = {isa = PBXFileReference; lastKnownFileType = folder.assetcatalog; path = Assets.xcassets; sourceTree = "<group>"; };
		B568F032245E28B000E841D0 /* Base */ = {isa = PBXFileReference; lastKnownFileType = file.storyboard; name = Base; path = Base.lproj/LaunchScreen.storyboard; sourceTree = "<group>"; };
		B568F034245E28B000E841D0 /* Info.plist */ = {isa = PBXFileReference; lastKnownFileType = text.plist.xml; path = Info.plist; sourceTree = "<group>"; };
		B568F039245E28B000E841D0 /* QuizTests.xctest */ = {isa = PBXFileReference; explicitFileType = wrapper.cfbundle; includeInIndex = 0; path = QuizTests.xctest; sourceTree = BUILT_PRODUCTS_DIR; };
		B568F03D245E28B000E841D0 /* QuizTests.swift */ = {isa = PBXFileReference; lastKnownFileType = sourcecode.swift; path = QuizTests.swift; sourceTree = "<group>"; };
		B568F03F245E28B000E841D0 /* Info.plist */ = {isa = PBXFileReference; lastKnownFileType = text.plist.xml; path = Info.plist; sourceTree = "<group>"; };
		B568F044245E28B000E841D0 /* QuizUITests.xctest */ = {isa = PBXFileReference; explicitFileType = wrapper.cfbundle; includeInIndex = 0; path = QuizUITests.xctest; sourceTree = BUILT_PRODUCTS_DIR; };
		B568F048245E28B000E841D0 /* QuizUITests.swift */ = {isa = PBXFileReference; lastKnownFileType = sourcecode.swift; path = QuizUITests.swift; sourceTree = "<group>"; };
		B568F04A245E28B000E841D0 /* Info.plist */ = {isa = PBXFileReference; lastKnownFileType = text.plist.xml; path = Info.plist; sourceTree = "<group>"; };
/* End PBXFileReference section */

/* Begin PBXFrameworksBuildPhase section */
		B568F020245E28AE00E841D0 /* Frameworks */ = {
			isa = PBXFrameworksBuildPhase;
			buildActionMask = 2147483647;
			files = (
			);
			runOnlyForDeploymentPostprocessing = 0;
		};
		B568F036245E28B000E841D0 /* Frameworks */ = {
			isa = PBXFrameworksBuildPhase;
			buildActionMask = 2147483647;
			files = (
			);
			runOnlyForDeploymentPostprocessing = 0;
		};
		B568F041245E28B000E841D0 /* Frameworks */ = {
			isa = PBXFrameworksBuildPhase;
			buildActionMask = 2147483647;
			files = (
			);
			runOnlyForDeploymentPostprocessing = 0;
		};
/* End PBXFrameworksBuildPhase section */

/* Begin PBXGroup section */
		B568F01A245E28AE00E841D0 = {
			isa = PBXGroup;
			children = (
				B568F025245E28AE00E841D0 /* Quiz */,
				B568F03C245E28B000E841D0 /* QuizTests */,
				B568F047245E28B000E841D0 /* QuizUITests */,
				B568F024245E28AE00E841D0 /* Products */,
			);
			sourceTree = "<group>";
		};
		B568F024245E28AE00E841D0 /* Products */ = {
			isa = PBXGroup;
			children = (
				B568F023245E28AE00E841D0 /* Quiz.app */,
				B568F039245E28B000E841D0 /* QuizTests.xctest */,
				B568F044245E28B000E841D0 /* QuizUITests.xctest */,
			);
			name = Products;
			sourceTree = "<group>";
		};
		B568F025245E28AE00E841D0 /* Quiz */ = {
			isa = PBXGroup;
			children = (
				B568F026245E28AE00E841D0 /* AppDelegate.swift */,
				B568F028245E28AE00E841D0 /* SceneDelegate.swift */,
				B568F02A245E28AE00E841D0 /* ViewController.swift */,
				B568F02C245E28AE00E841D0 /* Main.storyboard */,
				B568F02F245E28B000E841D0 /* Assets.xcassets */,
				B568F031245E28B000E841D0 /* LaunchScreen.storyboard */,
				B568F034245E28B000E841D0 /* Info.plist */,
				B55E59AF2464A9B800CAE4CA /* Localizable.strings */,
			);
			path = Quiz;
			sourceTree = "<group>";
		};
		B568F03C245E28B000E841D0 /* QuizTests */ = {
			isa = PBXGroup;
			children = (
				B568F03D245E28B000E841D0 /* QuizTests.swift */,
				B568F03F245E28B000E841D0 /* Info.plist */,
			);
			path = QuizTests;
			sourceTree = "<group>";
		};
		B568F047245E28B000E841D0 /* QuizUITests */ = {
			isa = PBXGroup;
			children = (
				B568F048245E28B000E841D0 /* QuizUITests.swift */,
				B568F04A245E28B000E841D0 /* Info.plist */,
			);
			path = QuizUITests;
			sourceTree = "<group>";
		};
/* End PBXGroup section */

/* Begin PBXNativeTarget section */
		B568F022245E28AE00E841D0 /* Quiz */ = {
			isa = PBXNativeTarget;
			buildConfigurationList = B568F04D245E28B000E841D0 /* Build configuration list for PBXNativeTarget "Quiz" */;
			buildPhases = (
				B568F01F245E28AE00E841D0 /* Sources */,
				B568F020245E28AE00E841D0 /* Frameworks */,
				B568F021245E28AE00E841D0 /* Resources */,
			);
			buildRules = (
			);
			dependencies = (
			);
			name = Quiz;
			productName = Quiz;
			productReference = B568F023245E28AE00E841D0 /* Quiz.app */;
			productType = "com.apple.product-type.application";
		};
		B568F038245E28B000E841D0 /* QuizTests */ = {
			isa = PBXNativeTarget;
			buildConfigurationList = B568F050245E28B000E841D0 /* Build configuration list for PBXNativeTarget "QuizTests" */;
			buildPhases = (
				B568F035245E28B000E841D0 /* Sources */,
				B568F036245E28B000E841D0 /* Frameworks */,
				B568F037245E28B000E841D0 /* Resources */,
			);
			buildRules = (
			);
			dependencies = (
				B568F03B245E28B000E841D0 /* PBXTargetDependency */,
			);
			name = QuizTests;
			productName = QuizTests;
			productReference = B568F039245E28B000E841D0 /* QuizTests.xctest */;
			productType = "com.apple.product-type.bundle.unit-test";
		};
		B568F043245E28B000E841D0 /* QuizUITests */ = {
			isa = PBXNativeTarget;
			buildConfigurationList = B568F053245E28B000E841D0 /* Build configuration list for PBXNativeTarget "QuizUITests" */;
			buildPhases = (
				B568F040245E28B000E841D0 /* Sources */,
				B568F041245E28B000E841D0 /* Frameworks */,
				B568F042245E28B000E841D0 /* Resources */,
			);
			buildRules = (
			);
			dependencies = (
				B568F046245E28B000E841D0 /* PBXTargetDependency */,
			);
			name = QuizUITests;
			productName = QuizUITests;
			productReference = B568F044245E28B000E841D0 /* QuizUITests.xctest */;
			productType = "com.apple.product-type.bundle.ui-testing";
		};
/* End PBXNativeTarget section */

/* Begin PBXProject section */
		B568F01B245E28AE00E841D0 /* Project object */ = {
			isa = PBXProject;
			attributes = {
				LastSwiftUpdateCheck = 1140;
				LastUpgradeCheck = 1140;
				ORGANIZATIONNAME = "Big Nerd Ranch";
				TargetAttributes = {
					B568F022245E28AE00E841D0 = {
						CreatedOnToolsVersion = 11.4.1;
					};
					B568F038245E28B000E841D0 = {
						CreatedOnToolsVersion = 11.4.1;
						TestTargetID = B568F022245E28AE00E841D0;
					};
					B568F043245E28B000E841D0 = {
						CreatedOnToolsVersion = 11.4.1;
						TestTargetID = B568F022245E28AE00E841D0;
					};
				};
			};
			buildConfigurationList = B568F01E245E28AE00E841D0 /* Build configuration list for PBXProject "Quiz" */;
			compatibilityVersion = "Xcode 9.3";
			developmentRegion = en;
			hasScannedForEncodings = 0;
			knownRegions = (
				en,
				Base,
				hr,
			);
			mainGroup = B568F01A245E28AE00E841D0;
			productRefGroup = B568F024245E28AE00E841D0 /* Products */;
			projectDirPath = "";
			projectRoot = "";
			targets = (
				B568F022245E28AE00E841D0 /* Quiz */,
				B568F038245E28B000E841D0 /* QuizTests */,
				B568F043245E28B000E841D0 /* QuizUITests */,
			);
		};
/* End PBXProject section */

/* Begin PBXResourcesBuildPhase section */
		B568F021245E28AE00E841D0 /* Resources */ = {
			isa = PBXResourcesBuildPhase;
			buildActionMask = 2147483647;
			files = (
				B568F033245E28B000E841D0 /* LaunchScreen.storyboard in Resources */,
				B55E59AD2464A9B800CAE4CA /* Localizable.strings in Resources */,
				B568F030245E28B000E841D0 /* Assets.xcassets in Resources */,
				B568F02E245E28AE00E841D0 /* Main.storyboard in Resources */,
			);
			runOnlyForDeploymentPostprocessing = 0;
		};
		B568F037245E28B000E841D0 /* Resources */ = {
			isa = PBXResourcesBuildPhase;
			buildActionMask = 2147483647;
			files = (
			);
			runOnlyForDeploymentPostprocessing = 0;
		};
		B568F042245E28B000E841D0 /* Resources */ = {
			isa = PBXResourcesBuildPhase;
			buildActionMask = 2147483647;
			files = (
			);
			runOnlyForDeploymentPostprocessing = 0;
		};
/* End PBXResourcesBuildPhase section */

/* Begin PBXSourcesBuildPhase section */
		B568F01F245E28AE00E841D0 /* Sources */ = {
			isa = PBXSourcesBuildPhase;
			buildActionMask = 2147483647;
			files = (
				B568F02B245E28AE00E841D0 /* ViewController.swift in Sources */,
				B568F027245E28AE00E841D0 /* AppDelegate.swift in Sources */,
				B568F029245E28AE00E841D0 /* SceneDelegate.swift in Sources */,
			);
			runOnlyForDeploymentPostprocessing = 0;
		};
		B568F035245E28B000E841D0 /* Sources */ = {
			isa = PBXSourcesBuildPhase;
			buildActionMask = 2147483647;
			files = (
				B568F03E245E28B000E841D0 /* QuizTests.swift in Sources */,
			);
			runOnlyForDeploymentPostprocessing = 0;
		};
		B568F040245E28B000E841D0 /* Sources */ = {
			isa = PBXSourcesBuildPhase;
			buildActionMask = 2147483647;
			files = (
				B568F049245E28B000E841D0 /* QuizUITests.swift in Sources */,
			);
			runOnlyForDeploymentPostprocessing = 0;
		};
/* End PBXSourcesBuildPhase section */

/* Begin PBXTargetDependency section */
		B568F03B245E28B000E841D0 /* PBXTargetDependency */ = {
			isa = PBXTargetDependency;
			target = B568F022245E28AE00E841D0 /* Quiz */;
			targetProxy = B568F03A245E28B000E841D0 /* PBXContainerItemProxy */;
		};
		B568F046245E28B000E841D0 /* PBXTargetDependency */ = {
			isa = PBXTargetDependency;
			target = B568F022245E28AE00E841D0 /* Quiz */;
			targetProxy = B568F045245E28B000E841D0 /* PBXContainerItemProxy */;
		};
/* End PBXTargetDependency section */

/* Begin PBXVariantGroup section */
		B55E59AF2464A9B800CAE4CA /* Localizable.strings */ = {
			isa = PBXVariantGroup;
			children = (
				B55E59AE2464A9B800CAE4CA /* hr */,
				B55E59B02464A9BD00CAE4CA /* en */,
			);
			name = Localizable.strings;
			sourceTree = "<group>";
		};
		B568F02C245E28AE00E841D0 /* Main.storyboard */ = {
			isa = PBXVariantGroup;
			children = (
				B568F02D245E28AE00E841D0 /* Base */,
				B55E59A82464A85B00CAE4CA /* hr */,
				B55E59AA2464A86800CAE4CA /* en */,
			);
			name = Main.storyboard;
			sourceTree = "<group>";
		};
		B568F031245E28B000E841D0 /* LaunchScreen.storyboard */ = {
			isa = PBXVariantGroup;
			children = (
				B568F032245E28B000E841D0 /* Base */,
			);
			name = LaunchScreen.storyboard;
			sourceTree = "<group>";
		};
/* End PBXVariantGroup section */

/* Begin XCBuildConfiguration section */
		B568F04B245E28B000E841D0 /* Debug */ = {
			isa = XCBuildConfiguration;
			buildSettings = {
				ALWAYS_SEARCH_USER_PATHS = NO;
				CLANG_ANALYZER_LOCALIZABILITY_NONLOCALIZED = YES;
				CLANG_ANALYZER_NONNULL = YES;
				CLANG_ANALYZER_NUMBER_OBJECT_CONVERSION = YES_AGGRESSIVE;
				CLANG_CXX_LANGUAGE_STANDARD = "gnu++14";
				CLANG_CXX_LIBRARY = "libc++";
				CLANG_ENABLE_MODULES = YES;
				CLANG_ENABLE_OBJC_ARC = YES;
				CLANG_ENABLE_OBJC_WEAK = YES;
				CLANG_WARN_BLOCK_CAPTURE_AUTORELEASING = YES;
				CLANG_WARN_BOOL_CONVERSION = YES;
				CLANG_WARN_COMMA = YES;
				CLANG_WARN_CONSTANT_CONVERSION = YES;
				CLANG_WARN_DEPRECATED_OBJC_IMPLEMENTATIONS = YES;
				CLANG_WARN_DIRECT_OBJC_ISA_USAGE = YES_ERROR;
				CLANG_WARN_DOCUMENTATION_COMMENTS = YES;
				CLANG_WARN_EMPTY_BODY = YES;
				CLANG_WARN_ENUM_CONVERSION = YES;
				CLANG_WARN_INFINITE_RECURSION = YES;
				CLANG_WARN_INT_CONVERSION = YES;
				CLANG_WARN_NON_LITERAL_NULL_CONVERSION = YES;
				CLANG_WARN_OBJC_IMPLICIT_RETAIN_SELF = YES;
				CLANG_WARN_OBJC_LITERAL_CONVERSION = YES;
				CLANG_WARN_OBJC_ROOT_CLASS = YES_ERROR;
				CLANG_WARN_RANGE_LOOP_ANALYSIS = YES;
				CLANG_WARN_STRICT_PROTOTYPES = YES;
				CLANG_WARN_SUSPICIOUS_MOVE = YES;
				CLANG_WARN_UNGUARDED_AVAILABILITY = YES_AGGRESSIVE;
				CLANG_WARN_UNREACHABLE_CODE = YES;
				CLANG_WARN__DUPLICATE_METHOD_MATCH = YES;
				COPY_PHASE_STRIP = NO;
				DEBUG_INFORMATION_FORMAT = dwarf;
				ENABLE_STRICT_OBJC_MSGSEND = YES;
				ENABLE_TESTABILITY = YES;
				GCC_C_LANGUAGE_STANDARD = gnu11;
				GCC_DYNAMIC_NO_PIC = NO;
				GCC_NO_COMMON_BLOCKS = YES;
				GCC_OPTIMIZATION_LEVEL = 0;
				GCC_PREPROCESSOR_DEFINITIONS = (
					"DEBUG=1",
					"$(inherited)",
				);
				GCC_WARN_64_TO_32_BIT_CONVERSION = YES;
				GCC_WARN_ABOUT_RETURN_TYPE = YES_ERROR;
				GCC_WARN_UNDECLARED_SELECTOR = YES;
				GCC_WARN_UNINITIALIZED_AUTOS = YES_AGGRESSIVE;
				GCC_WARN_UNUSED_FUNCTION = YES;
				GCC_WARN_UNUSED_VARIABLE = YES;
				IPHONEOS_DEPLOYMENT_TARGET = 13.4;
				MTL_ENABLE_DEBUG_INFO = INCLUDE_SOURCE;
				MTL_FAST_MATH = YES;
				ONLY_ACTIVE_ARCH = YES;
				SDKROOT = iphoneos;
				SWIFT_ACTIVE_COMPILATION_CONDITIONS = DEBUG;
				SWIFT_OPTIMIZATION_LEVEL = "-Onone";
			};
			name = Debug;
		};
		B568F04C245E28B000E841D0 /* Release */ = {
			isa = XCBuildConfiguration;
			buildSettings = {
				ALWAYS_SEARCH_USER_PATHS = NO;
				CLANG_ANALYZER_LOCALIZABILITY_NONLOCALIZED = YES;
				CLANG_ANALYZER_NONNULL = YES;
				CLANG_ANALYZER_NUMBER_OBJECT_CONVERSION = YES_AGGRESSIVE;
				CLANG_CXX_LANGUAGE_STANDARD = "gnu++14";
				CLANG_CXX_LIBRARY = "libc++";
				CLANG_ENABLE_MODULES = YES;
				CLANG_ENABLE_OBJC_ARC = YES;
				CLANG_ENABLE_OBJC_WEAK = YES;
				CLANG_WARN_BLOCK_CAPTURE_AUTORELEASING = YES;
				CLANG_WARN_BOOL_CONVERSION = YES;
				CLANG_WARN_COMMA = YES;
				CLANG_WARN_CONSTANT_CONVERSION = YES;
				CLANG_WARN_DEPRECATED_OBJC_IMPLEMENTATIONS = YES;
				CLANG_WARN_DIRECT_OBJC_ISA_USAGE = YES_ERROR;
				CLANG_WARN_DOCUMENTATION_COMMENTS = YES;
				CLANG_WARN_EMPTY_BODY = YES;
				CLANG_WARN_ENUM_CONVERSION = YES;
				CLANG_WARN_INFINITE_RECURSION = YES;
				CLANG_WARN_INT_CONVERSION = YES;
				CLANG_WARN_NON_LITERAL_NULL_CONVERSION = YES;
				CLANG_WARN_OBJC_IMPLICIT_RETAIN_SELF = YES;
				CLANG_WARN_OBJC_LITERAL_CONVERSION = YES;
				CLANG_WARN_OBJC_ROOT_CLASS = YES_ERROR;
				CLANG_WARN_RANGE_LOOP_ANALYSIS = YES;
				CLANG_WARN_STRICT_PROTOTYPES = YES;
				CLANG_WARN_SUSPICIOUS_MOVE = YES;
				CLANG_WARN_UNGUARDED_AVAILABILITY = YES_AGGRESSIVE;
				CLANG_WARN_UNREACHABLE_CODE = YES;
				CLANG_WARN__DUPLICATE_METHOD_MATCH = YES;
				COPY_PHASE_STRIP = NO;
				DEBUG_INFORMATION_FORMAT = "dwarf-with-dsym";
				ENABLE_NS_ASSERTIONS = NO;
				ENABLE_STRICT_OBJC_MSGSEND = YES;
				GCC_C_LANGUAGE_STANDARD = gnu11;
				GCC_NO_COMMON_BLOCKS = YES;
				GCC_WARN_64_TO_32_BIT_CONVERSION = YES;
				GCC_WARN_ABOUT_RETURN_TYPE = YES_ERROR;
				GCC_WARN_UNDECLARED_SELECTOR = YES;
				GCC_WARN_UNINITIALIZED_AUTOS = YES_AGGRESSIVE;
				GCC_WARN_UNUSED_FUNCTION = YES;
				GCC_WARN_UNUSED_VARIABLE = YES;
				IPHONEOS_DEPLOYMENT_TARGET = 13.4;
				MTL_ENABLE_DEBUG_INFO = NO;
				MTL_FAST_MATH = YES;
				SDKROOT = iphoneos;
				SWIFT_COMPILATION_MODE = wholemodule;
				SWIFT_OPTIMIZATION_LEVEL = "-O";
				VALIDATE_PRODUCT = YES;
			};
			name = Release;
		};
		B568F04E245E28B000E841D0 /* Debug */ = {
			isa = XCBuildConfiguration;
			buildSettings = {
				ASSETCATALOG_COMPILER_APPICON_NAME = AppIcon;
				CODE_SIGN_STYLE = Automatic;
				DEVELOPMENT_TEAM = D6Z6GBS4J9;
				INFOPLIST_FILE = Quiz/Info.plist;
				LD_RUNPATH_SEARCH_PATHS = (
					"$(inherited)",
					"@executable_path/Frameworks",
				);
				PRODUCT_BUNDLE_IDENTIFIER = com.markokramar.quiz;
				PRODUCT_NAME = "$(TARGET_NAME)";
				SWIFT_VERSION = 5.0;
				TARGETED_DEVICE_FAMILY = "1,2";
			};
			name = Debug;
		};
		B568F04F245E28B000E841D0 /* Release */ = {
			isa = XCBuildConfiguration;
			buildSettings = {
				ASSETCATALOG_COMPILER_APPICON_NAME = AppIcon;
				CODE_SIGN_STYLE = Automatic;
				DEVELOPMENT_TEAM = D6Z6GBS4J9;
				INFOPLIST_FILE = Quiz/Info.plist;
				LD_RUNPATH_SEARCH_PATHS = (
					"$(inherited)",
					"@executable_path/Frameworks",
				);
				PRODUCT_BUNDLE_IDENTIFIER = com.markokramar.quiz;
				PRODUCT_NAME = "$(TARGET_NAME)";
				SWIFT_VERSION = 5.0;
				TARGETED_DEVICE_FAMILY = "1,2";
			};
			name = Release;
		};
		B568F051245E28B000E841D0 /* Debug */ = {
			isa = XCBuildConfiguration;
			buildSettings = {
				ALWAYS_EMBED_SWIFT_STANDARD_LIBRARIES = YES;
				BUNDLE_LOADER = "$(TEST_HOST)";
				CODE_SIGN_STYLE = Automatic;
				DEVELOPMENT_TEAM = D6Z6GBS4J9;
				INFOPLIST_FILE = QuizTests/Info.plist;
				IPHONEOS_DEPLOYMENT_TARGET = 13.4;
				LD_RUNPATH_SEARCH_PATHS = (
					"$(inherited)",
					"@executable_path/Frameworks",
					"@loader_path/Frameworks",
				);
				PRODUCT_BUNDLE_IDENTIFIER = com.bignerdranch.QuizTests;
				PRODUCT_NAME = "$(TARGET_NAME)";
				SWIFT_VERSION = 5.0;
				TARGETED_DEVICE_FAMILY = "1,2";
				TEST_HOST = "$(BUILT_PRODUCTS_DIR)/Quiz.app/Quiz";
			};
			name = Debug;
		};
		B568F052245E28B000E841D0 /* Release */ = {
			isa = XCBuildConfiguration;
			buildSettings = {
				ALWAYS_EMBED_SWIFT_STANDARD_LIBRARIES = YES;
				BUNDLE_LOADER = "$(TEST_HOST)";
				CODE_SIGN_STYLE = Automatic;
				DEVELOPMENT_TEAM = D6Z6GBS4J9;
				INFOPLIST_FILE = QuizTests/Info.plist;
				IPHONEOS_DEPLOYMENT_TARGET = 13.4;
				LD_RUNPATH_SEARCH_PATHS = (
					"$(inherited)",
					"@executable_path/Frameworks",
					"@loader_path/Frameworks",
				);
				PRODUCT_BUNDLE_IDENTIFIER = com.bignerdranch.QuizTests;
				PRODUCT_NAME = "$(TARGET_NAME)";
				SWIFT_VERSION = 5.0;
				TARGETED_DEVICE_FAMILY = "1,2";
				TEST_HOST = "$(BUILT_PRODUCTS_DIR)/Quiz.app/Quiz";
			};
			name = Release;
		};
		B568F054245E28B000E841D0 /* Debug */ = {
			isa = XCBuildConfiguration;
			buildSettings = {
				ALWAYS_EMBED_SWIFT_STANDARD_LIBRARIES = YES;
				CODE_SIGN_STYLE = Automatic;
				DEVELOPMENT_TEAM = D6Z6GBS4J9;
				INFOPLIST_FILE = QuizUITests/Info.plist;
				LD_RUNPATH_SEARCH_PATHS = (
					"$(inherited)",
					"@executable_path/Frameworks",
					"@loader_path/Frameworks",
				);
				PRODUCT_BUNDLE_IDENTIFIER = com.bignerdranch.QuizUITests;
				PRODUCT_NAME = "$(TARGET_NAME)";
				SWIFT_VERSION = 5.0;
				TARGETED_DEVICE_FAMILY = "1,2";
				TEST_TARGET_NAME = Quiz;
			};
			name = Debug;
		};
		B568F055245E28B000E841D0 /* Release */ = {
			isa = XCBuildConfiguration;
			buildSettings = {
				ALWAYS_EMBED_SWIFT_STANDARD_LIBRARIES = YES;
				CODE_SIGN_STYLE = Automatic;
				DEVELOPMENT_TEAM = D6Z6GBS4J9;
				INFOPLIST_FILE = QuizUITests/Info.plist;
				LD_RUNPATH_SEARCH_PATHS = (
					"$(inherited)",
					"@executable_path/Frameworks",
					"@loader_path/Frameworks",
				);
				PRODUCT_BUNDLE_IDENTIFIER = com.bignerdranch.QuizUITests;
				PRODUCT_NAME = "$(TARGET_NAME)";
				SWIFT_VERSION = 5.0;
				TARGETED_DEVICE_FAMILY = "1,2";
				TEST_TARGET_NAME = Quiz;
			};
			name = Release;
		};
/* End XCBuildConfiguration section */

/* Begin XCConfigurationList section */
		B568F01E245E28AE00E841D0 /* Build configuration list for PBXProject "Quiz" */ = {
			isa = XCConfigurationList;
			buildConfigurations = (
				B568F04B245E28B000E841D0 /* Debug */,
				B568F04C245E28B000E841D0 /* Release */,
			);
			defaultConfigurationIsVisible = 0;
			defaultConfigurationName = Release;
		};
		B568F04D245E28B000E841D0 /* Build configuration list for PBXNativeTarget "Quiz" */ = {
			isa = XCConfigurationList;
			buildConfigurations = (
				B568F04E245E28B000E841D0 /* Debug */,
				B568F04F245E28B000E841D0 /* Release */,
			);
			defaultConfigurationIsVisible = 0;
			defaultConfigurationName = Release;
		};
		B568F050245E28B000E841D0 /* Build configuration list for PBXNativeTarget "QuizTests" */ = {
			isa = XCConfigurationList;
			buildConfigurations = (
				B568F051245E28B000E841D0 /* Debug */,
				B568F052245E28B000E841D0 /* Release */,
			);
			defaultConfigurationIsVisible = 0;
			defaultConfigurationName = Release;
		};
		B568F053245E28B000E841D0 /* Build configuration list for PBXNativeTarget "QuizUITests" */ = {
			isa = XCConfigurationList;
			buildConfigurations = (
				B568F054245E28B000E841D0 /* Debug */,
				B568F055245E28B000E841D0 /* Release */,
			);
			defaultConfigurationIsVisible = 0;
			defaultConfigurationName = Release;
		};
/* End XCConfigurationList section */
	};
	rootObject = B568F01B245E28AE00E841D0 /* Project object */;
}
